
Microsoft Visual Studio Solution File, Format Version 12.00
# Visual Studio Version 17
VisualStudioVersion = 17.11.35303.130
MinimumVisualStudioVersion = 10.0.40219.1
Project("{FAE04EC0-301F-11D3-BF4B-00C04F79EFBC}") = "CLIP", "CLIP.csproj", "{B11467A6-ED35-43F7-89C9-4ADEFA68956E}"
EndProject
Global
	GlobalSection(SolutionConfigurationPlatforms) = preSolution
		Debug|Any CPU = Debug|Any CPU
		Release|Any CPU = Release|Any CPU
	EndGlobalSection
	GlobalSection(ProjectConfigurationPlatforms) = postSolution
		{B11467A6-ED35-43F7-89C9-4ADEFA68956E}.Debug|Any CPU.ActiveCfg = Debug|Any CPU
		{B11467A6-ED35-43F7-89C9-4ADEFA68956E}.Debug|Any CPU.Build.0 = Debug|Any CPU
		{B11467A6-ED35-43F7-89C9-4ADEFA68956E}.Release|Any CPU.ActiveCfg = Release|Any CPU
		{B11467A6-ED35-43F7-89C9-4ADEFA68956E}.Release|Any CPU.Build.0 = Release|Any CPU
	EndGlobalSection
	GlobalSection(SolutionProperties) = preSolution
		HideSolutionNode = FALSE
	EndGlobalSection
	GlobalSection(ExtensibilityGlobals) = postSolution
		SolutionGuid = {C2B14918-7F3F-404A-B2CF-D0AAC47EB1D9}
	EndGlobalSection
EndGlobal
